
Microsoft Visual Studio Solution File, Format Version 12.00
# Visual Studio Version 16
VisualStudioVersion = 16.0.30204.135
MinimumVisualStudioVersion = 15.0.26124.0
Project("{2150E333-8FDC-42A3-9474-1A3956D46DE8}") = "Domain", "Domain", "{072CCEEB-F13D-4A25-A0B9-CFDB211249F6}"
EndProject
Project("{2150E333-8FDC-42A3-9474-1A3956D46DE8}") = "Infrastructure", "Infrastructure", "{D247DE80-2A02-4F84-AC24-F9A26ED446BE}"
EndProject
Project("{2150E333-8FDC-42A3-9474-1A3956D46DE8}") = "Application", "Application", "{E6819A29-9CC3-4E9F-91EC-3C599CC2D0A6}"
EndProject
Project("{2150E333-8FDC-42A3-9474-1A3956D46DE8}") = "User Interface", "User Interface", "{59D1351D-DBD9-4C8A-900D-9112E224E395}"
EndProject
Project("{9A19103F-16F7-4668-BE54-9A1E7A4F7556}") = "KiotVietTimeSheet.Domain", "src\Domain\KiotVietTimeSheet.Domain\KiotVietTimeSheet.Domain.csproj", "{15D6DE29-1098-4191-B284-680F2696FE9D}"
EndProject
Project("{2150E333-8FDC-42A3-9474-1A3956D46DE8}") = "Api", "Api", "{97B894B1-08B9-4A45-9DF5-B79756A09C25}"
EndProject
Project("{2150E333-8FDC-42A3-9474-1A3956D46DE8}") = "src", "src", "{9AE98783-6693-4297-BF94-AEBE50EB66EA}"
EndProject
Project("{2150E333-8FDC-42A3-9474-1A3956D46DE8}") = "tests", "tests", "{03EA6A1F-A1B2-467D-9228-7079446E77F1}"
EndProject
Project("{2150E333-8FDC-42A3-9474-1A3956D46DE8}") = "Solution Items", "Solution Items", "{A71CDFD9-DE73-41F2-B54E-4DDBD2FE51E0}"
	ProjectSection(SolutionItems) = preProject
		docker-compose.yml = docker-compose.yml
		Local.testsettings = Local.testsettings
		update-db.sh = update-db.sh
	EndProjectSection
EndProject
Project("{9A19103F-16F7-4668-BE54-9A1E7A4F7556}") = "KiotVietTimeSheet.Application", "src\Application\KiotVietTimeSheet.Application\KiotVietTimeSheet.Application.csproj", "{F2099779-DC00-4AA6-9BAD-FF61FD6D5275}"
EndProject
Project("{9A19103F-16F7-4668-BE54-9A1E7A4F7556}") = "KiotVietTimeSheet.Api.ServiceModel", "src\User Interface\Api\KiotVietTimeSheet.Api.ServiceModel\KiotVietTimeSheet.Api.ServiceModel.csproj", "{8B339440-5D29-4560-8507-057711FE119D}"
EndProject
Project("{9A19103F-16F7-4668-BE54-9A1E7A4F7556}") = "KiotVietTimeSheet.Api.ServiceInterface", "src\User Interface\Api\KiotVietTimeSheet.Api.ServiceInterface\KiotVietTimeSheet.Api.ServiceInterface.csproj", "{78823281-E8C1-45AF-B7D5-052C3B9CDB3F}"
EndProject
Project("{9A19103F-16F7-4668-BE54-9A1E7A4F7556}") = "KiotVietTimeSheet.Api", "src\User Interface\Api\KiotVietTimeSheet.Api\KiotVietTimeSheet.Api.csproj", "{747368AB-B6F0-414D-81A7-5F2E3C0873C5}"
EndProject
Project("{2150E333-8FDC-42A3-9474-1A3956D46DE8}") = "Utilities", "Utilities", "{3513F6D6-5015-436E-8DD4-BF655C80FBAF}"
EndProject
Project("{9A19103F-16F7-4668-BE54-9A1E7A4F7556}") = "KiotVietTimeSheet.Utilities", "src\Utilities\KiotVietTimeSheet.Utilities\KiotVietTimeSheet.Utilities.csproj", "{F9743436-ACE7-4BFA-A422-7453EEAD1B6E}"
EndProject
Project("{2150E333-8FDC-42A3-9474-1A3956D46DE8}") = "Shared Kernel", "Shared Kernel", "{135225B1-2947-43F9-8F1C-915302894326}"
EndProject
Project("{9A19103F-16F7-4668-BE54-9A1E7A4F7556}") = "KiotVietTimeSheet.SharedKernel", "src\Shared Kernel\KiotVietTimeSheet.SharedKernel\KiotVietTimeSheet.SharedKernel.csproj", "{EFC89E14-3896-4434-BE50-3738B2557D09}"
EndProject
Project("{9A19103F-16F7-4668-BE54-9A1E7A4F7556}") = "KiotViet.FileUpload", "src\Utilities\KiotViet.FileUpload\KiotViet.FileUpload.csproj", "{83DA2970-19DC-4F43-B062-0F953CDC6398}"
EndProject
Project("{9A19103F-16F7-4668-BE54-9A1E7A4F7556}") = "KiotVietTimeSheet.Infrastructure", "src\Infrastructure\KiotVietTimeSheet.Infrastructure\KiotVietTimeSheet.Infrastructure.csproj", "{D1B382DF-86E5-4552-BFEC-AD37C8554839}"
EndProject
Project("{9A19103F-16F7-4668-BE54-9A1E7A4F7556}") = "KiotVietTimeSheet.Resources", "src\Utilities\KiotVietTimeSheet.Resources\KiotVietTimeSheet.Resources\KiotVietTimeSheet.Resources.csproj", "{509B8B65-69E6-42BA-B0A4-2C4A3AAB6253}"
EndProject
Project("{FAE04EC0-301F-11D3-BF4B-00C04F79EFBC}") = "KiotVietTimeSheet.LoadTest", "tests\WebAndLoadTestProject\KiotVietTimeSheet.LoadTest.csproj", "{9FC24F4A-0D07-4C77-AFC7-9580522DD605}"
EndProject
Project("{9A19103F-16F7-4668-BE54-9A1E7A4F7556}") = "AutoTimeKeepingTest", "tests\AutoTimeKeepingTest\AutoTimeKeepingTest.csproj", "{A7A3C190-4931-48DA-995A-D9ADC17CF31F}"
EndProject
Project("{9A19103F-16F7-4668-BE54-9A1E7A4F7556}") = "KiotVietTimeSheet.UnitTest", "tests\KiotVietTimeSheet.xUnitTest\KiotVietTimeSheet.UnitTest.csproj", "{7E889BC0-1B70-4A81-8F53-CEA50815419A}"
EndProject
Project("{2150E333-8FDC-42A3-9474-1A3956D46DE8}") = "Worker", "Worker", "{A182BF13-A0EE-4B0A-A304-7C42E5E5D019}"
EndProject
Project("{9A19103F-16F7-4668-BE54-9A1E7A4F7556}") = "KiotVietTimeSheet.AuditTrailWorker", "src\User Interface\Worker\KiotVietTimeSheet.Worker\KiotVietTimeSheet.AuditTrailWorker.csproj", "{467DAE2A-2848-4BBA-B9ED-92037A2A056C}"
EndProject
Project("{9A19103F-16F7-4668-BE54-9A1E7A4F7556}") = "KiotVietTimeSheet.BackgroundTasks", "src\User Interface\Worker\KiotVietTimeSheet.BackgroundTasks\KiotVietTimeSheet.BackgroundTasks.csproj", "{F56FB92C-ED9D-4FEE-97C0-1D0E300A6628}"
EndProject
Global
	GlobalSection(SolutionConfigurationPlatforms) = preSolution
		Debug|Any CPU = Debug|Any CPU
		Release|Any CPU = Release|Any CPU
	EndGlobalSection
	GlobalSection(ProjectConfigurationPlatforms) = postSolution
		{15D6DE29-1098-4191-B284-680F2696FE9D}.Debug|Any CPU.ActiveCfg = Debug|Any CPU
		{15D6DE29-1098-4191-B284-680F2696FE9D}.Debug|Any CPU.Build.0 = Debug|Any CPU
		{15D6DE29-1098-4191-B284-680F2696FE9D}.Release|Any CPU.ActiveCfg = Release|Any CPU
		{15D6DE29-1098-4191-B284-680F2696FE9D}.Release|Any CPU.Build.0 = Release|Any CPU
		{F2099779-DC00-4AA6-9BAD-FF61FD6D5275}.Debug|Any CPU.ActiveCfg = Debug|Any CPU
		{F2099779-DC00-4AA6-9BAD-FF61FD6D5275}.Debug|Any CPU.Build.0 = Debug|Any CPU
		{F2099779-DC00-4AA6-9BAD-FF61FD6D5275}.Release|Any CPU.ActiveCfg = Release|Any CPU
		{F2099779-DC00-4AA6-9BAD-FF61FD6D5275}.Release|Any CPU.Build.0 = Release|Any CPU
		{8B339440-5D29-4560-8507-057711FE119D}.Debug|Any CPU.ActiveCfg = Debug|Any CPU
		{8B339440-5D29-4560-8507-057711FE119D}.Debug|Any CPU.Build.0 = Debug|Any CPU
		{8B339440-5D29-4560-8507-057711FE119D}.Release|Any CPU.ActiveCfg = Release|Any CPU
		{8B339440-5D29-4560-8507-057711FE119D}.Release|Any CPU.Build.0 = Release|Any CPU
		{78823281-E8C1-45AF-B7D5-052C3B9CDB3F}.Debug|Any CPU.ActiveCfg = Debug|Any CPU
		{78823281-E8C1-45AF-B7D5-052C3B9CDB3F}.Debug|Any CPU.Build.0 = Debug|Any CPU
		{78823281-E8C1-45AF-B7D5-052C3B9CDB3F}.Release|Any CPU.ActiveCfg = Release|Any CPU
		{78823281-E8C1-45AF-B7D5-052C3B9CDB3F}.Release|Any CPU.Build.0 = Release|Any CPU
		{747368AB-B6F0-414D-81A7-5F2E3C0873C5}.Debug|Any CPU.ActiveCfg = Debug|Any CPU
		{747368AB-B6F0-414D-81A7-5F2E3C0873C5}.Debug|Any CPU.Build.0 = Debug|Any CPU
		{747368AB-B6F0-414D-81A7-5F2E3C0873C5}.Release|Any CPU.ActiveCfg = Release|Any CPU
		{747368AB-B6F0-414D-81A7-5F2E3C0873C5}.Release|Any CPU.Build.0 = Release|Any CPU
		{F9743436-ACE7-4BFA-A422-7453EEAD1B6E}.Debug|Any CPU.ActiveCfg = Debug|Any CPU
		{F9743436-ACE7-4BFA-A422-7453EEAD1B6E}.Debug|Any CPU.Build.0 = Debug|Any CPU
		{F9743436-ACE7-4BFA-A422-7453EEAD1B6E}.Release|Any CPU.ActiveCfg = Release|Any CPU
		{F9743436-ACE7-4BFA-A422-7453EEAD1B6E}.Release|Any CPU.Build.0 = Release|Any CPU
		{EFC89E14-3896-4434-BE50-3738B2557D09}.Debug|Any CPU.ActiveCfg = Debug|Any CPU
		{EFC89E14-3896-4434-BE50-3738B2557D09}.Debug|Any CPU.Build.0 = Debug|Any CPU
		{EFC89E14-3896-4434-BE50-3738B2557D09}.Release|Any CPU.ActiveCfg = Release|Any CPU
		{EFC89E14-3896-4434-BE50-3738B2557D09}.Release|Any CPU.Build.0 = Release|Any CPU
		{83DA2970-19DC-4F43-B062-0F953CDC6398}.Debug|Any CPU.ActiveCfg = Debug|Any CPU
		{83DA2970-19DC-4F43-B062-0F953CDC6398}.Debug|Any CPU.Build.0 = Debug|Any CPU
		{83DA2970-19DC-4F43-B062-0F953CDC6398}.Release|Any CPU.ActiveCfg = Release|Any CPU
		{83DA2970-19DC-4F43-B062-0F953CDC6398}.Release|Any CPU.Build.0 = Release|Any CPU
		{D1B382DF-86E5-4552-BFEC-AD37C8554839}.Debug|Any CPU.ActiveCfg = Debug|Any CPU
		{D1B382DF-86E5-4552-BFEC-AD37C8554839}.Debug|Any CPU.Build.0 = Debug|Any CPU
		{D1B382DF-86E5-4552-BFEC-AD37C8554839}.Release|Any CPU.ActiveCfg = Release|Any CPU
		{D1B382DF-86E5-4552-BFEC-AD37C8554839}.Release|Any CPU.Build.0 = Release|Any CPU
		{509B8B65-69E6-42BA-B0A4-2C4A3AAB6253}.Debug|Any CPU.ActiveCfg = Debug|Any CPU
		{509B8B65-69E6-42BA-B0A4-2C4A3AAB6253}.Debug|Any CPU.Build.0 = Debug|Any CPU
		{509B8B65-69E6-42BA-B0A4-2C4A3AAB6253}.Release|Any CPU.ActiveCfg = Release|Any CPU
		{509B8B65-69E6-42BA-B0A4-2C4A3AAB6253}.Release|Any CPU.Build.0 = Release|Any CPU
		{9FC24F4A-0D07-4C77-AFC7-9580522DD605}.Debug|Any CPU.ActiveCfg = Debug|Any CPU
		{9FC24F4A-0D07-4C77-AFC7-9580522DD605}.Release|Any CPU.ActiveCfg = Release|Any CPU
		{9FC24F4A-0D07-4C77-AFC7-9580522DD605}.Release|Any CPU.Build.0 = Release|Any CPU
		{A7A3C190-4931-48DA-995A-D9ADC17CF31F}.Debug|Any CPU.ActiveCfg = Debug|Any CPU
		{A7A3C190-4931-48DA-995A-D9ADC17CF31F}.Release|Any CPU.ActiveCfg = Release|Any CPU
		{A7A3C190-4931-48DA-995A-D9ADC17CF31F}.Release|Any CPU.Build.0 = Release|Any CPU
		{7E889BC0-1B70-4A81-8F53-CEA50815419A}.Debug|Any CPU.ActiveCfg = Debug|Any CPU
		{7E889BC0-1B70-4A81-8F53-CEA50815419A}.Release|Any CPU.ActiveCfg = Release|Any CPU
		{7E889BC0-1B70-4A81-8F53-CEA50815419A}.Release|Any CPU.Build.0 = Release|Any CPU
		{467DAE2A-2848-4BBA-B9ED-92037A2A056C}.Debug|Any CPU.ActiveCfg = Debug|Any CPU
		{467DAE2A-2848-4BBA-B9ED-92037A2A056C}.Debug|Any CPU.Build.0 = Debug|Any CPU
		{467DAE2A-2848-4BBA-B9ED-92037A2A056C}.Release|Any CPU.ActiveCfg = Release|Any CPU
		{467DAE2A-2848-4BBA-B9ED-92037A2A056C}.Release|Any CPU.Build.0 = Release|Any CPU
		{F56FB92C-ED9D-4FEE-97C0-1D0E300A6628}.Debug|Any CPU.ActiveCfg = Debug|Any CPU
		{F56FB92C-ED9D-4FEE-97C0-1D0E300A6628}.Debug|Any CPU.Build.0 = Debug|Any CPU
		{F56FB92C-ED9D-4FEE-97C0-1D0E300A6628}.Release|Any CPU.ActiveCfg = Release|Any CPU
		{F56FB92C-ED9D-4FEE-97C0-1D0E300A6628}.Release|Any CPU.Build.0 = Release|Any CPU
	EndGlobalSection
	GlobalSection(SolutionProperties) = preSolution
		HideSolutionNode = FALSE
	EndGlobalSection
	GlobalSection(NestedProjects) = preSolution
		{072CCEEB-F13D-4A25-A0B9-CFDB211249F6} = {9AE98783-6693-4297-BF94-AEBE50EB66EA}
		{D247DE80-2A02-4F84-AC24-F9A26ED446BE} = {9AE98783-6693-4297-BF94-AEBE50EB66EA}
		{E6819A29-9CC3-4E9F-91EC-3C599CC2D0A6} = {9AE98783-6693-4297-BF94-AEBE50EB66EA}
		{59D1351D-DBD9-4C8A-900D-9112E224E395} = {9AE98783-6693-4297-BF94-AEBE50EB66EA}
		{15D6DE29-1098-4191-B284-680F2696FE9D} = {072CCEEB-F13D-4A25-A0B9-CFDB211249F6}
		{97B894B1-08B9-4A45-9DF5-B79756A09C25} = {59D1351D-DBD9-4C8A-900D-9112E224E395}
		{F2099779-DC00-4AA6-9BAD-FF61FD6D5275} = {E6819A29-9CC3-4E9F-91EC-3C599CC2D0A6}
		{8B339440-5D29-4560-8507-057711FE119D} = {97B894B1-08B9-4A45-9DF5-B79756A09C25}
		{78823281-E8C1-45AF-B7D5-052C3B9CDB3F} = {97B894B1-08B9-4A45-9DF5-B79756A09C25}
		{747368AB-B6F0-414D-81A7-5F2E3C0873C5} = {97B894B1-08B9-4A45-9DF5-B79756A09C25}
		{3513F6D6-5015-436E-8DD4-BF655C80FBAF} = {9AE98783-6693-4297-BF94-AEBE50EB66EA}
		{F9743436-ACE7-4BFA-A422-7453EEAD1B6E} = {3513F6D6-5015-436E-8DD4-BF655C80FBAF}
		{135225B1-2947-43F9-8F1C-915302894326} = {9AE98783-6693-4297-BF94-AEBE50EB66EA}
		{EFC89E14-3896-4434-BE50-3738B2557D09} = {135225B1-2947-43F9-8F1C-915302894326}
		{83DA2970-19DC-4F43-B062-0F953CDC6398} = {3513F6D6-5015-436E-8DD4-BF655C80FBAF}
		{D1B382DF-86E5-4552-BFEC-AD37C8554839} = {D247DE80-2A02-4F84-AC24-F9A26ED446BE}
		{509B8B65-69E6-42BA-B0A4-2C4A3AAB6253} = {3513F6D6-5015-436E-8DD4-BF655C80FBAF}
		{9FC24F4A-0D07-4C77-AFC7-9580522DD605} = {03EA6A1F-A1B2-467D-9228-7079446E77F1}
		{A7A3C190-4931-48DA-995A-D9ADC17CF31F} = {03EA6A1F-A1B2-467D-9228-7079446E77F1}
		{7E889BC0-1B70-4A81-8F53-CEA50815419A} = {03EA6A1F-A1B2-467D-9228-7079446E77F1}
		{A182BF13-A0EE-4B0A-A304-7C42E5E5D019} = {59D1351D-DBD9-4C8A-900D-9112E224E395}
		{467DAE2A-2848-4BBA-B9ED-92037A2A056C} = {A182BF13-A0EE-4B0A-A304-7C42E5E5D019}
		{F56FB92C-ED9D-4FEE-97C0-1D0E300A6628} = {A182BF13-A0EE-4B0A-A304-7C42E5E5D019}
	EndGlobalSection
	GlobalSection(ExtensibilityGlobals) = postSolution
		SolutionGuid = {6451CB46-6090-4B27-9C3C-B8F942A23680}
	EndGlobalSection
EndGlobal
